
Microsoft Visual Studio Solution File, Format Version 12.00
# Visual Studio Version 16
VisualStudioVersion = 16.0.31112.23
MinimumVisualStudioVersion = 10.0.40219.1
Project("{9A19103F-16F7-4668-BE54-9A1E7A4F7556}") = "TasnimWhatsAppAPI", "TasnimWhatsAppAPI\TasnimWhatsAppAPI.csproj", "{2EA32BB1-B287-48E4-A081-7ED9B6D56000}"
EndProject
Project("{9A19103F-16F7-4668-BE54-9A1E7A4F7556}") = "TasnimWhatsAppOrchestration", "TasnimWhatsAppOrchestration\TasnimWhatsAppOrchestration.csproj", "{16A5C3B8-F398-463C-A9BA-9D6069A0B52E}"
EndProject
Project("{9A19103F-16F7-4668-BE54-9A1E7A4F7556}") = "TansimWhatsAppOrchestration.Tests", "TansimWhatsAppOrchestration.Tests\TansimWhatsAppOrchestration.Tests.csproj", "{95BE6101-D8F0-4FE3-B47D-F09AABF7F5CA}"
EndProject
Global
	GlobalSection(SolutionConfigurationPlatforms) = preSolution
		Debug|Any CPU = Debug|Any CPU
		Release|Any CPU = Release|Any CPU
	EndGlobalSection
	GlobalSection(ProjectConfigurationPlatforms) = postSolution
		{2EA32BB1-B287-48E4-A081-7ED9B6D56000}.Debug|Any CPU.ActiveCfg = Debug|Any CPU
		{2EA32BB1-B287-48E4-A081-7ED9B6D56000}.Debug|Any CPU.Build.0 = Debug|Any CPU
		{2EA32BB1-B287-48E4-A081-7ED9B6D56000}.Release|Any CPU.ActiveCfg = Release|Any CPU
		{2EA32BB1-B287-48E4-A081-7ED9B6D56000}.Release|Any CPU.Build.0 = Release|Any CPU
		{16A5C3B8-F398-463C-A9BA-9D6069A0B52E}.Debug|Any CPU.ActiveCfg = Debug|Any CPU
		{16A5C3B8-F398-463C-A9BA-9D6069A0B52E}.Debug|Any CPU.Build.0 = Debug|Any CPU
		{16A5C3B8-F398-463C-A9BA-9D6069A0B52E}.Release|Any CPU.ActiveCfg = Release|Any CPU
		{16A5C3B8-F398-463C-A9BA-9D6069A0B52E}.Release|Any CPU.Build.0 = Release|Any CPU
		{95BE6101-D8F0-4FE3-B47D-F09AABF7F5CA}.Debug|Any CPU.ActiveCfg = Debug|Any CPU
		{95BE6101-D8F0-4FE3-B47D-F09AABF7F5CA}.Debug|Any CPU.Build.0 = Debug|Any CPU
		{95BE6101-D8F0-4FE3-B47D-F09AABF7F5CA}.Release|Any CPU.ActiveCfg = Release|Any CPU
		{95BE6101-D8F0-4FE3-B47D-F09AABF7F5CA}.Release|Any CPU.Build.0 = Release|Any CPU
	EndGlobalSection
	GlobalSection(SolutionProperties) = preSolution
		HideSolutionNode = FALSE
	EndGlobalSection
	GlobalSection(ExtensibilityGlobals) = postSolution
		SolutionGuid = {54646041-2306-4B37-AA82-1F8CEF4ACF23}
	EndGlobalSection
	GlobalSection(TeamFoundationVersionControl) = preSolution
		SccNumberOfProjects = 4
		SccEnterpriseProvider = {4CA58AB2-18FA-4F8D-95D4-32DDF27D184C}
		SccTeamFoundationServer = http://eureka:8080/tfs/eurekacollection
		SccLocalPath0 = .
		SccProjectUniqueName1 = TansimWhatsAppOrchestration.Tests\\TansimWhatsAppOrchestration.Tests.csproj
		SccProjectName1 = TansimWhatsAppOrchestration.Tests
		SccLocalPath1 = TansimWhatsAppOrchestration.Tests
		SccProjectUniqueName2 = TasnimWhatsAppAPI\\TasnimWhatsAppAPI.csproj
		SccProjectName2 = TasnimWhatsAppAPI
		SccLocalPath2 = TasnimWhatsAppAPI
		SccProjectUniqueName3 = TasnimWhatsAppOrchestration\\TasnimWhatsAppOrchestration.csproj
		SccProjectName3 = TasnimWhatsAppOrchestration
		SccLocalPath3 = TasnimWhatsAppOrchestration
	EndGlobalSection
EndGlobal
